Microsoft Visual Studio Solution File, Format Version 11.00
# Visual Studio 2008

Project("{AC843A4E-13F6-4884-7091-BC76167DFE46}") = "Pendroid", "Assembly-CSharp.csproj", "{EB0D2C8C-5C07-F32C-402A-35A601058831}"
EndProject
Global
	GlobalSection(SolutionConfigurationPlatforms) = preSolution
		Debug|Any CPU = Debug|Any CPU
		Release|Any CPU = Release|Any CPU
	EndGlobalSection
	GlobalSection(ProjectConfigurationPlatforms) = postSolution
		{EB0D2C8C-5C07-F32C-402A-35A601058831}.Debug|Any CPU.ActiveCfg = Debug|Any CPU
		{EB0D2C8C-5C07-F32C-402A-35A601058831}.Debug|Any CPU.Build.0 = Debug|Any CPU
		{EB0D2C8C-5C07-F32C-402A-35A601058831}.Release|Any CPU.ActiveCfg = Release|Any CPU
		{EB0D2C8C-5C07-F32C-402A-35A601058831}.Release|Any CPU.Build.0 = Release|Any CPU
	EndGlobalSection
	GlobalSection(SolutionProperties) = preSolution
		HideSolutionNode = FALSE
	EndGlobalSection
	GlobalSection(MonoDevelopProperties) = preSolution
		StartupItem = Assembly-CSharp.csproj
	EndGlobalSection
EndGlobal
